
Microsoft Visual Studio Solution File, Format Version 12.00
# Visual Studio 15
VisualStudioVersion = 15.0.28010.2026
MinimumVisualStudioVersion = 10.0.40219.1
Project("{2150E333-8FDC-42A3-9474-1A3956D46DE8}") = "App", "App", "{6D35FE47-00D3-4FDD-AF74-DC690F1DBF64}"
EndProject
Project("{2150E333-8FDC-42A3-9474-1A3956D46DE8}") = "Test", "Test", "{C86891C8-27D5-4476-8AF5-64465980A2CF}"
EndProject
Project("{2150E333-8FDC-42A3-9474-1A3956D46DE8}") = "1. Apresentation", "1. Apresentation", "{3C6A85D9-39A2-46D5-8684-4AF114BC8225}"
EndProject
Project("{2150E333-8FDC-42A3-9474-1A3956D46DE8}") = "1.2. Desktop", "1.2. Desktop", "{1BBEA61F-4204-410B-9CD5-D63A4B6FFBF2}"
EndProject
Project("{2150E333-8FDC-42A3-9474-1A3956D46DE8}") = "1.3. Web", "1.3. Web", "{C2D8E5E8-78EE-4302-A606-D924EE995F00}"
EndProject
Project("{2150E333-8FDC-42A3-9474-1A3956D46DE8}") = "1.4. Mobile", "1.4. Mobile", "{58D6951E-587E-45BB-8645-B82B322273C5}"
EndProject
Project("{2150E333-8FDC-42A3-9474-1A3956D46DE8}") = "2. Application", "2. Application", "{223AB5DD-74A5-4138-8475-294F814771B9}"
EndProject
Project("{2150E333-8FDC-42A3-9474-1A3956D46DE8}") = "1.1. Console", "1.1. Console", "{D40DBEC4-BAE4-43AD-860A-B85E7F1CDC28}"
EndProject
Project("{2150E333-8FDC-42A3-9474-1A3956D46DE8}") = "1.4.1. Android", "1.4.1. Android", "{722D80A4-90B8-4B79-8861-1AA5406F2A08}"
EndProject
Project("{2150E333-8FDC-42A3-9474-1A3956D46DE8}") = "1.4.2. IPhone", "1.4.2. IPhone", "{D3E72AD2-FE5F-484F-8E09-903C069E9532}"
EndProject
Project("{2150E333-8FDC-42A3-9474-1A3956D46DE8}") = "3. Service", "3. Service", "{0E700DBA-D582-4EBC-B8C2-7446D528F452}"
EndProject
Project("{2150E333-8FDC-42A3-9474-1A3956D46DE8}") = "4. Domain", "4. Domain", "{28C87E21-065D-4A40-B88A-9E8F00370332}"
EndProject
Project("{2150E333-8FDC-42A3-9474-1A3956D46DE8}") = "5. Infraestructure", "5. Infraestructure", "{625710B1-481D-43FB-A873-C442CBF5B18E}"
EndProject
Project("{2150E333-8FDC-42A3-9474-1A3956D46DE8}") = "5.1. Data", "5.1. Data", "{81FA3FA4-62C7-4EE3-9C9E-45677DC3F074}"
EndProject
Project("{2150E333-8FDC-42A3-9474-1A3956D46DE8}") = "5.2. Crosscutting", "5.2. Crosscutting", "{4A4714A2-6FFC-4F1D-BB4F-71507EA220A6}"
EndProject
Project("{9A19103F-16F7-4668-BE54-9A1E7A4F7556}") = "Parking.Domain", "App\Parking.Domain\Parking.Domain.csproj", "{1F32D276-C554-4F5D-A4C6-0D57C0D18087}"
EndProject
Project("{9A19103F-16F7-4668-BE54-9A1E7A4F7556}") = "Parking.Infraestructure.Data", "App\Parking.Infraestructure.Data\Parking.Infraestructure.Data.csproj", "{E4B1E9C1-A87D-45AD-857D-94849830DB69}"
EndProject
Project("{9A19103F-16F7-4668-BE54-9A1E7A4F7556}") = "Parking.Infraestructure.Crosscutting.IoC", "App\Parking.Infraestructure.Crosscutting.IoC\Parking.Infraestructure.Crosscutting.IoC.csproj", "{8DBEB0DD-86FE-4554-957B-E4A2401DEDE6}"
EndProject
Project("{2150E333-8FDC-42A3-9474-1A3956D46DE8}") = "1. Apresentation", "1. Apresentation", "{57D9235D-681C-41ED-86C5-BF36E048DDEB}"
EndProject
Project("{2150E333-8FDC-42A3-9474-1A3956D46DE8}") = "2. Application", "2. Application", "{6F91C906-697F-49AD-B2DC-E0751A42B044}"
EndProject
Project("{2150E333-8FDC-42A3-9474-1A3956D46DE8}") = "3. Service", "3. Service", "{CFA4BBDF-E378-4A31-A0A7-A253EE342543}"
EndProject
Project("{2150E333-8FDC-42A3-9474-1A3956D46DE8}") = "4. Domain", "4. Domain", "{AF90E1E0-3205-432A-9923-23D9E0EA5085}"
EndProject
Project("{2150E333-8FDC-42A3-9474-1A3956D46DE8}") = "5. Infraestructure", "5. Infraestructure", "{62F91547-A154-475F-A307-AE4E7FA33E21}"
EndProject
Project("{9A19103F-16F7-4668-BE54-9A1E7A4F7556}") = "Parking.Domain.Test", "Test\Parking.Domain.Test\Parking.Domain.Test.csproj", "{7FA58A2B-A47E-402E-BF51-3A783334B120}"
EndProject
Project("{9A19103F-16F7-4668-BE54-9A1E7A4F7556}") = "Parking.Service", "App\Parking.Service\Parking.Service.csproj", "{2CFD1C24-E806-4D23-B87C-3D690A752670}"
EndProject
Project("{9A19103F-16F7-4668-BE54-9A1E7A4F7556}") = "Parking.UI.Site", "App\Parking.UI.Site\Parking.UI.Site.csproj", "{8C40FAC6-807C-488A-92E6-EC6115ED4C02}"
EndProject
Project("{FAE04EC0-301F-11D3-BF4B-00C04F79EFBC}") = "Parking.UI.WindowsForm", "App\Parking.UI.WindowsForm\Parking.UI.WindowsForm.csproj", "{54930654-233D-4C28-9D25-C5EF73382AFF}"
EndProject
Global
	GlobalSection(SolutionConfigurationPlatforms) = preSolution
		Debug|Any CPU = Debug|Any CPU
		Release|Any CPU = Release|Any CPU
	EndGlobalSection
	GlobalSection(ProjectConfigurationPlatforms) = postSolution
		{1F32D276-C554-4F5D-A4C6-0D57C0D18087}.Debug|Any CPU.ActiveCfg = Debug|Any CPU
		{1F32D276-C554-4F5D-A4C6-0D57C0D18087}.Debug|Any CPU.Build.0 = Debug|Any CPU
		{1F32D276-C554-4F5D-A4C6-0D57C0D18087}.Release|Any CPU.ActiveCfg = Release|Any CPU
		{1F32D276-C554-4F5D-A4C6-0D57C0D18087}.Release|Any CPU.Build.0 = Release|Any CPU
		{E4B1E9C1-A87D-45AD-857D-94849830DB69}.Debug|Any CPU.ActiveCfg = Debug|Any CPU
		{E4B1E9C1-A87D-45AD-857D-94849830DB69}.Debug|Any CPU.Build.0 = Debug|Any CPU
		{E4B1E9C1-A87D-45AD-857D-94849830DB69}.Release|Any CPU.ActiveCfg = Release|Any CPU
		{E4B1E9C1-A87D-45AD-857D-94849830DB69}.Release|Any CPU.Build.0 = Release|Any CPU
		{8DBEB0DD-86FE-4554-957B-E4A2401DEDE6}.Debug|Any CPU.ActiveCfg = Debug|Any CPU
		{8DBEB0DD-86FE-4554-957B-E4A2401DEDE6}.Debug|Any CPU.Build.0 = Debug|Any CPU
		{8DBEB0DD-86FE-4554-957B-E4A2401DEDE6}.Release|Any CPU.ActiveCfg = Release|Any CPU
		{8DBEB0DD-86FE-4554-957B-E4A2401DEDE6}.Release|Any CPU.Build.0 = Release|Any CPU
		{7FA58A2B-A47E-402E-BF51-3A783334B120}.Debug|Any CPU.ActiveCfg = Debug|Any CPU
		{7FA58A2B-A47E-402E-BF51-3A783334B120}.Debug|Any CPU.Build.0 = Debug|Any CPU
		{7FA58A2B-A47E-402E-BF51-3A783334B120}.Release|Any CPU.ActiveCfg = Release|Any CPU
		{7FA58A2B-A47E-402E-BF51-3A783334B120}.Release|Any CPU.Build.0 = Release|Any CPU
		{2CFD1C24-E806-4D23-B87C-3D690A752670}.Debug|Any CPU.ActiveCfg = Debug|Any CPU
		{2CFD1C24-E806-4D23-B87C-3D690A752670}.Debug|Any CPU.Build.0 = Debug|Any CPU
		{2CFD1C24-E806-4D23-B87C-3D690A752670}.Release|Any CPU.ActiveCfg = Release|Any CPU
		{2CFD1C24-E806-4D23-B87C-3D690A752670}.Release|Any CPU.Build.0 = Release|Any CPU
		{8C40FAC6-807C-488A-92E6-EC6115ED4C02}.Debug|Any CPU.ActiveCfg = Debug|Any CPU
		{8C40FAC6-807C-488A-92E6-EC6115ED4C02}.Debug|Any CPU.Build.0 = Debug|Any CPU
		{8C40FAC6-807C-488A-92E6-EC6115ED4C02}.Release|Any CPU.ActiveCfg = Release|Any CPU
		{8C40FAC6-807C-488A-92E6-EC6115ED4C02}.Release|Any CPU.Build.0 = Release|Any CPU
		{54930654-233D-4C28-9D25-C5EF73382AFF}.Debug|Any CPU.ActiveCfg = Debug|Any CPU
		{54930654-233D-4C28-9D25-C5EF73382AFF}.Debug|Any CPU.Build.0 = Debug|Any CPU
		{54930654-233D-4C28-9D25-C5EF73382AFF}.Release|Any CPU.ActiveCfg = Release|Any CPU
		{54930654-233D-4C28-9D25-C5EF73382AFF}.Release|Any CPU.Build.0 = Release|Any CPU
	EndGlobalSection
	GlobalSection(SolutionProperties) = preSolution
		HideSolutionNode = FALSE
	EndGlobalSection
	GlobalSection(NestedProjects) = preSolution
		{3C6A85D9-39A2-46D5-8684-4AF114BC8225} = {6D35FE47-00D3-4FDD-AF74-DC690F1DBF64}
		{1BBEA61F-4204-410B-9CD5-D63A4B6FFBF2} = {3C6A85D9-39A2-46D5-8684-4AF114BC8225}
		{C2D8E5E8-78EE-4302-A606-D924EE995F00} = {3C6A85D9-39A2-46D5-8684-4AF114BC8225}
		{58D6951E-587E-45BB-8645-B82B322273C5} = {3C6A85D9-39A2-46D5-8684-4AF114BC8225}
		{223AB5DD-74A5-4138-8475-294F814771B9} = {6D35FE47-00D3-4FDD-AF74-DC690F1DBF64}
		{D40DBEC4-BAE4-43AD-860A-B85E7F1CDC28} = {3C6A85D9-39A2-46D5-8684-4AF114BC8225}
		{722D80A4-90B8-4B79-8861-1AA5406F2A08} = {58D6951E-587E-45BB-8645-B82B322273C5}
		{D3E72AD2-FE5F-484F-8E09-903C069E9532} = {58D6951E-587E-45BB-8645-B82B322273C5}
		{0E700DBA-D582-4EBC-B8C2-7446D528F452} = {6D35FE47-00D3-4FDD-AF74-DC690F1DBF64}
		{28C87E21-065D-4A40-B88A-9E8F00370332} = {6D35FE47-00D3-4FDD-AF74-DC690F1DBF64}
		{625710B1-481D-43FB-A873-C442CBF5B18E} = {6D35FE47-00D3-4FDD-AF74-DC690F1DBF64}
		{81FA3FA4-62C7-4EE3-9C9E-45677DC3F074} = {625710B1-481D-43FB-A873-C442CBF5B18E}
		{4A4714A2-6FFC-4F1D-BB4F-71507EA220A6} = {625710B1-481D-43FB-A873-C442CBF5B18E}
		{1F32D276-C554-4F5D-A4C6-0D57C0D18087} = {28C87E21-065D-4A40-B88A-9E8F00370332}
		{E4B1E9C1-A87D-45AD-857D-94849830DB69} = {81FA3FA4-62C7-4EE3-9C9E-45677DC3F074}
		{8DBEB0DD-86FE-4554-957B-E4A2401DEDE6} = {4A4714A2-6FFC-4F1D-BB4F-71507EA220A6}
		{57D9235D-681C-41ED-86C5-BF36E048DDEB} = {C86891C8-27D5-4476-8AF5-64465980A2CF}
		{6F91C906-697F-49AD-B2DC-E0751A42B044} = {C86891C8-27D5-4476-8AF5-64465980A2CF}
		{CFA4BBDF-E378-4A31-A0A7-A253EE342543} = {C86891C8-27D5-4476-8AF5-64465980A2CF}
		{AF90E1E0-3205-432A-9923-23D9E0EA5085} = {C86891C8-27D5-4476-8AF5-64465980A2CF}
		{62F91547-A154-475F-A307-AE4E7FA33E21} = {C86891C8-27D5-4476-8AF5-64465980A2CF}
		{7FA58A2B-A47E-402E-BF51-3A783334B120} = {AF90E1E0-3205-432A-9923-23D9E0EA5085}
		{2CFD1C24-E806-4D23-B87C-3D690A752670} = {0E700DBA-D582-4EBC-B8C2-7446D528F452}
		{8C40FAC6-807C-488A-92E6-EC6115ED4C02} = {C2D8E5E8-78EE-4302-A606-D924EE995F00}
		{54930654-233D-4C28-9D25-C5EF73382AFF} = {1BBEA61F-4204-410B-9CD5-D63A4B6FFBF2}
	EndGlobalSection
	GlobalSection(ExtensibilityGlobals) = postSolution
		SolutionGuid = {B2409B66-52D5-484E-A6D2-7D6A5BEBCC01}
	EndGlobalSection
EndGlobal
